
Microsoft Visual Studio Solution File, Format Version 12.00
# Visual Studio Version 16
VisualStudioVersion = 16.0.29306.81
MinimumVisualStudioVersion = 10.0.40219.1
Project("{9A19103F-16F7-4668-BE54-9A1E7A4F7556}") = "Synchrolog.SDK", "Synchrolog.SDK\Synchrolog.SDK.csproj", "{FF1FD7B0-7224-4629-B389-4118CABDCEC7}"
EndProject
Project("{FAE04EC0-301F-11D3-BF4B-00C04F79EFBC}") = "Synchrolog.SDK.Test", "Synchrolog.SDK.Test\Synchrolog.SDK.Test.csproj", "{11098375-DB8A-423A-9762-7C8BF53FA555}"
EndProject
Global
	GlobalSection(SolutionConfigurationPlatforms) = preSolution
		Debug|Any CPU = Debug|Any CPU
		Release|Any CPU = Release|Any CPU
	EndGlobalSection
	GlobalSection(ProjectConfigurationPlatforms) = postSolution
		{FF1FD7B0-7224-4629-B389-4118CABDCEC7}.Debug|Any CPU.ActiveCfg = Debug|Any CPU
		{FF1FD7B0-7224-4629-B389-4118CABDCEC7}.Debug|Any CPU.Build.0 = Debug|Any CPU
		{FF1FD7B0-7224-4629-B389-4118CABDCEC7}.Release|Any CPU.ActiveCfg = Release|Any CPU
		{FF1FD7B0-7224-4629-B389-4118CABDCEC7}.Release|Any CPU.Build.0 = Release|Any CPU
		{11098375-DB8A-423A-9762-7C8BF53FA555}.Debug|Any CPU.ActiveCfg = Debug|Any CPU
		{11098375-DB8A-423A-9762-7C8BF53FA555}.Debug|Any CPU.Build.0 = Debug|Any CPU
		{11098375-DB8A-423A-9762-7C8BF53FA555}.Release|Any CPU.ActiveCfg = Release|Any CPU
		{11098375-DB8A-423A-9762-7C8BF53FA555}.Release|Any CPU.Build.0 = Release|Any CPU
	EndGlobalSection
	GlobalSection(SolutionProperties) = preSolution
		HideSolutionNode = FALSE
	EndGlobalSection
	GlobalSection(ExtensibilityGlobals) = postSolution
		SolutionGuid = {3172D6E9-0575-47A7-90DF-F9A64502BE99}
	EndGlobalSection
EndGlobal
